
Microsoft Visual Studio Solution File, Format Version 12.00
# Visual Studio Version 17
VisualStudioVersion = 17.2.32526.322
MinimumVisualStudioVersion = 10.0.40219.1
Project("{FAE04EC0-301F-11D3-BF4B-00C04F79EFBC}") = "AppRestaurant", "AppRestaurant\AppRestaurant.csproj", "{42ADE88C-7B71-4D72-8C17-C26CA28B9428}"
EndProject
Global
	GlobalSection(SolutionConfigurationPlatforms) = preSolution
		Debug|Any CPU = Debug|Any CPU
		Release|Any CPU = Release|Any CPU
	EndGlobalSection
	GlobalSection(ProjectConfigurationPlatforms) = postSolution
		{42ADE88C-7B71-4D72-8C17-C26CA28B9428}.Debug|Any CPU.ActiveCfg = Debug|Any CPU
		{42ADE88C-7B71-4D72-8C17-C26CA28B9428}.Debug|Any CPU.Build.0 = Debug|Any CPU
		{42ADE88C-7B71-4D72-8C17-C26CA28B9428}.Release|Any CPU.ActiveCfg = Release|Any CPU
		{42ADE88C-7B71-4D72-8C17-C26CA28B9428}.Release|Any CPU.Build.0 = Release|Any CPU
	EndGlobalSection
	GlobalSection(SolutionProperties) = preSolution
		HideSolutionNode = FALSE
	EndGlobalSection
	GlobalSection(ExtensibilityGlobals) = postSolution
		SolutionGuid = {FDF08638-4BE0-4792-A2B1-8BB5ED38D6C4}
	EndGlobalSection
EndGlobal
